// !$*UTF8*$!
{
	archiveVersion = 1;
	classes = {
	};
	objectVersion = 77;
	objects = {

/* Begin PBXBuildFile section */
		1B9C35782F5135DB00089DC7 /* ImpossiBLE in Frameworks */ = {isa = PBXBuildFile; productRef = 1B9C35772F5135DB00089DC7 /* ImpossiBLE */; };
/* End PBXBuildFile section */

/* Begin PBXContainerItemProxy section */
		1BA487412F4C4828009E6064 /* PBXContainerItemProxy */ = {
			isa = PBXContainerItemProxy;
			containerPortal = 1BA4872B2F4C4827009E6064 /* Project object */;
			proxyType = 1;
			remoteGlobalIDString = 1BA487322F4C4827009E6064;
			remoteInfo = BLEDataTransfer;
		};
		1BA4874B2F4C4828009E6064 /* PBXContainerItemProxy */ = {
			isa = PBXContainerItemProxy;
			containerPortal = 1BA4872B2F4C4827009E6064 /* Project object */;
			proxyType = 1;
			remoteGlobalIDString = 1BA487322F4C4827009E6064;
			remoteInfo = BLEDataTransfer;
		};
/* End PBXContainerItemProxy section */

/* Begin PBXFileReference section */
		1BA487332F4C4827009E6064 /* BLEDataTransfer.app */ = {isa = PBXFileReference; explicitFileType = wrapper.application; includeInIndex = 0; path = BLEDataTransfer.app; sourceTree = BUILT_PRODUCTS_DIR; };
		1BA487402F4C4828009E6064 /* BLEDataTransferTests.xctest */ = {isa = PBXFileReference; explicitFileType = wrapper.cfbundle; includeInIndex = 0; path = BLEDataTransferTests.xctest; sourceTree = BUILT_PRODUCTS_DIR; };
		1BA4874A2F4C4828009E6064 /* BLEDataTransferUITests.xctest */ = {isa = PBXFileReference; explicitFileType = wrapper.cfbundle; includeInIndex = 0; path = BLEDataTransferUITests.xctest; sourceTree = BUILT_PRODUCTS_DIR; };
/* End PBXFileReference section */

/* Begin PBXFileSystemSynchronizedRootGroup section */
		1BA487352F4C4827009E6064 /* BLEDataTransfer */ = {
			isa = PBXFileSystemSynchronizedRootGroup;
			path = BLEDataTransfer;
			sourceTree = "<group>";
		};
		1BA487432F4C4828009E6064 /* BLEDataTransferTests */ = {
			isa = PBXFileSystemSynchronizedRootGroup;
			path = BLEDataTransferTests;
			sourceTree = "<group>";
		};
		1BA4874D2F4C4828009E6064 /* BLEDataTransferUITests */ = {
			isa = PBXFileSystemSynchronizedRootGroup;
			path = BLEDataTransferUITests;
			sourceTree = "<group>";
		};
/* End PBXFileSystemSynchronizedRootGroup section */

/* Begin PBXFrameworksBuildPhase section */
		1BA487302F4C4827009E6064 /* Frameworks */ = {
			isa = PBXFrameworksBuildPhase;
			buildActionMask = 2147483647;
			files = (
				1B9C35782F5135DB00089DC7 /* ImpossiBLE in Frameworks */,
			);
			runOnlyForDeploymentPostprocessing = 0;
		};
		1BA4873D2F4C4828009E6064 /* Frameworks */ = {
			isa = PBXFrameworksBuildPhase;
			buildActionMask = 2147483647;
			files = (
			);
			runOnlyForDeploymentPostprocessing = 0;
		};
		1BA487472F4C4828009E6064 /* Frameworks */ = {
			isa = PBXFrameworksBuildPhase;
			buildActionMask = 2147483647;
			files = (
			);
			runOnlyForDeploymentPostprocessing = 0;
		};
/* End PBXFrameworksBuildPhase section */

/* Begin PBXGroup section */
		1B9C35762F5135DB00089DC7 /* Frameworks */ = {
			isa = PBXGroup;
			children = (
			);
			name = Frameworks;
			sourceTree = "<group>";
		};
		1BA4872A2F4C4827009E6064 = {
			isa = PBXGroup;
			children = (
				1BA487352F4C4827009E6064 /* BLEDataTransfer */,
				1BA487432F4C4828009E6064 /* BLEDataTransferTests */,
				1BA4874D2F4C4828009E6064 /* BLEDataTransferUITests */,
				1B9C35762F5135DB00089DC7 /* Frameworks */,
				1BA487342F4C4827009E6064 /* Products */,
			);
			sourceTree = "<group>";
		};
		1BA487342F4C4827009E6064 /* Products */ = {
			isa = PBXGroup;
			children = (
				1BA487332F4C4827009E6064 /* BLEDataTransfer.app */,
				1BA487402F4C4828009E6064 /* BLEDataTransferTests.xctest */,
				1BA4874A2F4C4828009E6064 /* BLEDataTransferUITests.xctest */,
			);
			name = Products;
			sourceTree = "<group>";
		};
/* End PBXGroup section */

/* Begin PBXNativeTarget section */
		1BA487322F4C4827009E6064 /* BLEDataTransfer */ = {
			isa = PBXNativeTarget;
			buildConfigurationList = 1BA487542F4C4828009E6064 /* Build configuration list for PBXNativeTarget "BLEDataTransfer" */;
			buildPhases = (
				1BA4872F2F4C4827009E6064 /* Sources */,
				1BA487302F4C4827009E6064 /* Frameworks */,
				1BA487312F4C4827009E6064 /* Resources */,
			);
			buildRules = (
			);
			dependencies = (
			);
			fileSystemSynchronizedGroups = (
				1BA487352F4C4827009E6064 /* BLEDataTransfer */,
			);
			name = BLEDataTransfer;
			packageProductDependencies = (
				1B9C35772F5135DB00089DC7 /* ImpossiBLE */,
			);
			productName = BLEDataTransfer;
			productReference = 1BA487332F4C4827009E6064 /* BLEDataTransfer.app */;
			productType = "com.apple.product-type.application";
		};
		1BA4873F2F4C4828009E6064 /* BLEDataTransferTests */ = {
			isa = PBXNativeTarget;
			buildConfigurationList = 1BA487572F4C4828009E6064 /* Build configuration list for PBXNativeTarget "BLEDataTransferTests" */;
			buildPhases = (
				1BA4873C2F4C4828009E6064 /* Sources */,
				1BA4873D2F4C4828009E6064 /* Frameworks */,
				1BA4873E2F4C4828009E6064 /* Resources */,
			);
			buildRules = (
			);
			dependencies = (
				1BA487422F4C4828009E6064 /* PBXTargetDependency */,
			);
			fileSystemSynchronizedGroups = (
				1BA487432F4C4828009E6064 /* BLEDataTransferTests */,
			);
			name = BLEDataTransferTests;
			packageProductDependencies = (
			);
			productName = BLEDataTransferTests;
			productReference = 1BA487402F4C4828009E6064 /* BLEDataTransferTests.xctest */;
			productType = "com.apple.product-type.bundle.unit-test";
		};
		1BA487492F4C4828009E6064 /* BLEDataTransferUITests */ = {
			isa = PBXNativeTarget;
			buildConfigurationList = 1BA4875A2F4C4828009E6064 /* Build configuration list for PBXNativeTarget "BLEDataTransferUITests" */;
			buildPhases = (
				1BA487462F4C4828009E6064 /* Sources */,
				1BA487472F4C4828009E6064 /* Frameworks */,
				1BA487482F4C4828009E6064 /* Resources */,
			);
			buildRules = (
			);
			dependencies = (
				1BA4874C2F4C4828009E6064 /* PBXTargetDependency */,
			);
			fileSystemSynchronizedGroups = (
				1BA4874D2F4C4828009E6064 /* BLEDataTransferUITests */,
			);
			name = BLEDataTransferUITests;
			packageProductDependencies = (
			);
			productName = BLEDataTransferUITests;
			productReference = 1BA4874A2F4C4828009E6064 /* BLEDataTransferUITests.xctest */;
			productType = "com.apple.product-type.bundle.ui-testing";
		};
/* End PBXNativeTarget section */

/* Begin PBXProject section */
		1BA4872B2F4C4827009E6064 /* Project object */ = {
			isa = PBXProject;
			attributes = {
				BuildIndependentTargetsInParallel = 1;
				LastSwiftUpdateCheck = 2620;
				LastUpgradeCheck = 2620;
				TargetAttributes = {
					1BA487322F4C4827009E6064 = {
						CreatedOnToolsVersion = 26.2;
					};
					1BA4873F2F4C4828009E6064 = {
						CreatedOnToolsVersion = 26.2;
						TestTargetID = 1BA487322F4C4827009E6064;
					};
					1BA487492F4C4828009E6064 = {
						CreatedOnToolsVersion = 26.2;
						TestTargetID = 1BA487322F4C4827009E6064;
					};
				};
			};
			buildConfigurationList = 1BA4872E2F4C4827009E6064 /* Build configuration list for PBXProject "BLEDataTransfer" */;
			developmentRegion = en;
			hasScannedForEncodings = 0;
			knownRegions = (
				en,
				Base,
			);
			mainGroup = 1BA4872A2F4C4827009E6064;
			minimizedProjectReferenceProxies = 1;
			packageReferences = (
				1B9C35722F5134D100089DC7 /* XCRemoteSwiftPackageReference "ImpossiBLE" */,
			);
			preferredProjectObjectVersion = 77;
			productRefGroup = 1BA487342F4C4827009E6064 /* Products */;
			projectDirPath = "";
			projectRoot = "";
			targets = (
				1BA487322F4C4827009E6064 /* BLEDataTransfer */,
				1BA4873F2F4C4828009E6064 /* BLEDataTransferTests */,
				1BA487492F4C4828009E6064 /* BLEDataTransferUITests */,
			);
		};
/* End PBXProject section */

/* Begin PBXResourcesBuildPhase section */
		1BA487312F4C4827009E6064 /* Resources */ = {
			isa = PBXResourcesBuildPhase;
			buildActionMask = 2147483647;
			files = (
			);
			runOnlyForDeploymentPostprocessing = 0;
		};
		1BA4873E2F4C4828009E6064 /* Resources */ = {
			isa = PBXResourcesBuildPhase;
			buildActionMask = 2147483647;
			files = (
			);
			runOnlyForDeploymentPostprocessing = 0;
		};
		1BA487482F4C4828009E6064 /* Resources */ = {
			isa = PBXResourcesBuildPhase;
			buildActionMask = 2147483647;
			files = (
			);
			runOnlyForDeploymentPostprocessing = 0;
		};
/* End PBXResourcesBuildPhase section */

/* Begin PBXSourcesBuildPhase section */
		1BA4872F2F4C4827009E6064 /* Sources */ = {
			isa = PBXSourcesBuildPhase;
			buildActionMask = 2147483647;
			files = (
			);
			runOnlyForDeploymentPostprocessing = 0;
		};
		1BA4873C2F4C4828009E6064 /* Sources */ = {
			isa = PBXSourcesBuildPhase;
			buildActionMask = 2147483647;
			files = (
			);
			runOnlyForDeploymentPostprocessing = 0;
		};
		1BA487462F4C4828009E6064 /* Sources */ = {
			isa = PBXSourcesBuildPhase;
			buildActionMask = 2147483647;
			files = (
			);
			runOnlyForDeploymentPostprocessing = 0;
		};
/* End PBXSourcesBuildPhase section */

/* Begin PBXTargetDependency section */
		1BA487422F4C4828009E6064 /* PBXTargetDependency */ = {
			isa = PBXTargetDependency;
			target = 1BA487322F4C4827009E6064 /* BLEDataTransfer */;
			targetProxy = 1BA487412F4C4828009E6064 /* PBXContainerItemProxy */;
		};
		1BA4874C2F4C4828009E6064 /* PBXTargetDependency */ = {
			isa = PBXTargetDependency;
			target = 1BA487322F4C4827009E6064 /* BLEDataTransfer */;
			targetProxy = 1BA4874B2F4C4828009E6064 /* PBXContainerItemProxy */;
		};
/* End PBXTargetDependency section */

/* Begin XCBuildConfiguration section */
		1BA487522F4C4828009E6064 /* Debug */ = {
			isa = XCBuildConfiguration;
			buildSettings = {
				ALWAYS_SEARCH_USER_PATHS = NO;
				ASSETCATALOG_COMPILER_GENERATE_SWIFT_ASSET_SYMBOL_EXTENSIONS = YES;
				CLANG_ANALYZER_NONNULL = YES;
				CLANG_ANALYZER_NUMBER_OBJECT_CONVERSION = YES_AGGRESSIVE;
				CLANG_CXX_LANGUAGE_STANDARD = "gnu++20";
				CLANG_ENABLE_MODULES = YES;
				CLANG_ENABLE_OBJC_ARC = YES;
				CLANG_ENABLE_OBJC_WEAK = YES;
				CLANG_WARN_BLOCK_CAPTURE_AUTORELEASING = YES;
				CLANG_WARN_BOOL_CONVERSION = YES;
				CLANG_WARN_COMMA = YES;
				CLANG_WARN_CONSTANT_CONVERSION = YES;
				CLANG_WARN_DEPRECATED_OBJC_IMPLEMENTATIONS = YES;
				CLANG_WARN_DIRECT_OBJC_ISA_USAGE = YES_ERROR;
				CLANG_WARN_DOCUMENTATION_COMMENTS = YES;
				CLANG_WARN_EMPTY_BODY = YES;
				CLANG_WARN_ENUM_CONVERSION = YES;
				CLANG_WARN_INFINITE_RECURSION = YES;
				CLANG_WARN_INT_CONVERSION = YES;
				CLANG_WARN_NON_LITERAL_NULL_CONVERSION = YES;
				CLANG_WARN_OBJC_IMPLICIT_RETAIN_SELF = YES;
				CLANG_WARN_OBJC_LITERAL_CONVERSION = YES;
				CLANG_WARN_OBJC_ROOT_CLASS = YES_ERROR;
				CLANG_WARN_QUOTED_INCLUDE_IN_FRAMEWORK_HEADER = YES;
				CLANG_WARN_RANGE_LOOP_ANALYSIS = YES;
				CLANG_WARN_STRICT_PROTOTYPES = YES;
				CLANG_WARN_SUSPICIOUS_MOVE = YES;
				CLANG_WARN_UNGUARDED_AVAILABILITY = YES_AGGRESSIVE;
				CLANG_WARN_UNREACHABLE_CODE = YES;
				CLANG_WARN__DUPLICATE_METHOD_MATCH = YES;
				COPY_PHASE_STRIP = NO;
				DEBUG_INFORMATION_FORMAT = dwarf;
				DEVELOPMENT_TEAM = KYTZ9T35MJ;
				ENABLE_STRICT_OBJC_MSGSEND = YES;
				ENABLE_TESTABILITY = YES;
				ENABLE_USER_SCRIPT_SANDBOXING = YES;
				GCC_C_LANGUAGE_STANDARD = gnu17;
				GCC_DYNAMIC_NO_PIC = NO;
				GCC_NO_COMMON_BLOCKS = YES;
				GCC_OPTIMIZATION_LEVEL = 0;
				GCC_PREPROCESSOR_DEFINITIONS = (
					"DEBUG=1",
					"$(inherited)",
				);
				GCC_WARN_64_TO_32_BIT_CONVERSION = YES;
				GCC_WARN_ABOUT_RETURN_TYPE = YES_ERROR;
				GCC_WARN_UNDECLARED_SELECTOR = YES;
				GCC_WARN_UNINITIALIZED_AUTOS = YES_AGGRESSIVE;
				GCC_WARN_UNUSED_FUNCTION = YES;
				GCC_WARN_UNUSED_VARIABLE = YES;
				IPHONEOS_DEPLOYMENT_TARGET = 26.2;
				LOCALIZATION_PREFERS_STRING_CATALOGS = YES;
				MTL_ENABLE_DEBUG_INFO = INCLUDE_SOURCE;
				MTL_FAST_MATH = YES;
				ONLY_ACTIVE_ARCH = YES;
				SDKROOT = iphoneos;
				SWIFT_ACTIVE_COMPILATION_CONDITIONS = "DEBUG $(inherited)";
				SWIFT_OPTIMIZATION_LEVEL = "-Onone";
			};
			name = Debug;
		};
		1BA487532F4C4828009E6064 /* Release */ = {
			isa = XCBuildConfiguration;
			buildSettings = {
				ALWAYS_SEARCH_USER_PATHS = NO;
				ASSETCATALOG_COMPILER_GENERATE_SWIFT_ASSET_SYMBOL_EXTENSIONS = YES;
				CLANG_ANALYZER_NONNULL = YES;
				CLANG_ANALYZER_NUMBER_OBJECT_CONVERSION = YES_AGGRESSIVE;
				CLANG_CXX_LANGUAGE_STANDARD = "gnu++20";
				CLANG_ENABLE_MODULES = YES;
				CLANG_ENABLE_OBJC_ARC = YES;
				CLANG_ENABLE_OBJC_WEAK = YES;
				CLANG_WARN_BLOCK_CAPTURE_AUTORELEASING = YES;
				CLANG_WARN_BOOL_CONVERSION = YES;
				CLANG_WARN_COMMA = YES;
				CLANG_WARN_CONSTANT_CONVERSION = YES;
				CLANG_WARN_DEPRECATED_OBJC_IMPLEMENTATIONS = YES;
				CLANG_WARN_DIRECT_OBJC_ISA_USAGE = YES_ERROR;
				CLANG_WARN_DOCUMENTATION_COMMENTS = YES;
				CLANG_WARN_EMPTY_BODY = YES;
				CLANG_WARN_ENUM_CONVERSION = YES;
				CLANG_WARN_INFINITE_RECURSION = YES;
				CLANG_WARN_INT_CONVERSION = YES;
				CLANG_WARN_NON_LITERAL_NULL_CONVERSION = YES;
				CLANG_WARN_OBJC_IMPLICIT_RETAIN_SELF = YES;
				CLANG_WARN_OBJC_LITERAL_CONVERSION = YES;
				CLANG_WARN_OBJC_ROOT_CLASS = YES_ERROR;
				CLANG_WARN_QUOTED_INCLUDE_IN_FRAMEWORK_HEADER = YES;
				CLANG_WARN_RANGE_LOOP_ANALYSIS = YES;
				CLANG_WARN_STRICT_PROTOTYPES = YES;
				CLANG_WARN_SUSPICIOUS_MOVE = YES;
				CLANG_WARN_UNGUARDED_AVAILABILITY = YES_AGGRESSIVE;
				CLANG_WARN_UNREACHABLE_CODE = YES;
				CLANG_WARN__DUPLICATE_METHOD_MATCH = YES;
				COPY_PHASE_STRIP = NO;
				DEBUG_INFORMATION_FORMAT = "dwarf-with-dsym";
				DEVELOPMENT_TEAM = KYTZ9T35MJ;
				ENABLE_NS_ASSERTIONS = NO;
				ENABLE_STRICT_OBJC_MSGSEND = YES;
				ENABLE_USER_SCRIPT_SANDBOXING = YES;
				GCC_C_LANGUAGE_STANDARD = gnu17;
				GCC_NO_COMMON_BLOCKS = YES;
				GCC_WARN_64_TO_32_BIT_CONVERSION = YES;
				GCC_WARN_ABOUT_RETURN_TYPE = YES_ERROR;
				GCC_WARN_UNDECLARED_SELECTOR = YES;
				GCC_WARN_UNINITIALIZED_AUTOS = YES_AGGRESSIVE;
				GCC_WARN_UNUSED_FUNCTION = YES;
				GCC_WARN_UNUSED_VARIABLE = YES;
				IPHONEOS_DEPLOYMENT_TARGET = 26.2;
				LOCALIZATION_PREFERS_STRING_CATALOGS = YES;
				MTL_ENABLE_DEBUG_INFO = NO;
				MTL_FAST_MATH = YES;
				SDKROOT = iphoneos;
				SWIFT_COMPILATION_MODE = wholemodule;
				VALIDATE_PRODUCT = YES;
			};
			name = Release;
		};
		1BA487552F4C4828009E6064 /* Debug */ = {
			isa = XCBuildConfiguration;
			buildSettings = {
				ASSETCATALOG_COMPILER_APPICON_NAME = AppIcon;
				ASSETCATALOG_COMPILER_GLOBAL_ACCENT_COLOR_NAME = AccentColor;
				CODE_SIGN_STYLE = Automatic;
				CURRENT_PROJECT_VERSION = 1;
				DEVELOPMENT_TEAM = KYTZ9T35MJ;
				ENABLE_PREVIEWS = YES;
				GENERATE_INFOPLIST_FILE = YES;
				INFOPLIST_KEY_NSBluetoothAlwaysUsageDescription = "Connection is needed to operate the device";
				INFOPLIST_KEY_UIApplicationSceneManifest_Generation = YES;
				INFOPLIST_KEY_UIApplicationSupportsIndirectInputEvents = YES;
				INFOPLIST_KEY_UILaunchScreen_Generation = YES;
				INFOPLIST_KEY_UISupportedInterfaceOrientations_iPad = "UIInterfaceOrientationPortrait UIInterfaceOrientationPortraitUpsideDown UIInterfaceOrientationLandscapeLeft UIInterfaceOrientationLandscapeRight";
				INFOPLIST_KEY_UISupportedInterfaceOrientations_iPhone = "UIInterfaceOrientationPortrait UIInterfaceOrientationLandscapeLeft UIInterfaceOrientationLandscapeRight";
				LD_RUNPATH_SEARCH_PATHS = (
					"$(inherited)",
					"@executable_path/Frameworks",
				);
				MARKETING_VERSION = 1.0;
				PRODUCT_BUNDLE_IDENTIFIER = com.sojiafonja.BLEDataTransfer;
				PRODUCT_NAME = "$(TARGET_NAME)";
				STRING_CATALOG_GENERATE_SYMBOLS = YES;
				SWIFT_APPROACHABLE_CONCURRENCY = YES;
				SWIFT_DEFAULT_ACTOR_ISOLATION = MainActor;
				SWIFT_EMIT_LOC_STRINGS = YES;
				SWIFT_UPCOMING_FEATURE_MEMBER_IMPORT_VISIBILITY = YES;
				SWIFT_VERSION = 5.0;
				TARGETED_DEVICE_FAMILY = "1,2";
			};
			name = Debug;
		};
		1BA487562F4C4828009E6064 /* Release */ = {
			isa = XCBuildConfiguration;
			buildSettings = {
				ASSETCATALOG_COMPILER_APPICON_NAME = AppIcon;
				ASSETCATALOG_COMPILER_GLOBAL_ACCENT_COLOR_NAME = AccentColor;
				CODE_SIGN_STYLE = Automatic;
				CURRENT_PROJECT_VERSION = 1;
				DEVELOPMENT_TEAM = KYTZ9T35MJ;
				ENABLE_PREVIEWS = YES;
				GENERATE_INFOPLIST_FILE = YES;
				INFOPLIST_KEY_NSBluetoothAlwaysUsageDescription = "Connection is needed to operate the device";
				INFOPLIST_KEY_UIApplicationSceneManifest_Generation = YES;
				INFOPLIST_KEY_UIApplicationSupportsIndirectInputEvents = YES;
				INFOPLIST_KEY_UILaunchScreen_Generation = YES;
				INFOPLIST_KEY_UISupportedInterfaceOrientations_iPad = "UIInterfaceOrientationPortrait UIInterfaceOrientationPortraitUpsideDown UIInterfaceOrientationLandscapeLeft UIInterfaceOrientationLandscapeRight";
				INFOPLIST_KEY_UISupportedInterfaceOrientations_iPhone = "UIInterfaceOrientationPortrait UIInterfaceOrientationLandscapeLeft UIInterfaceOrientationLandscapeRight";
				LD_RUNPATH_SEARCH_PATHS = (
					"$(inherited)",
					"@executable_path/Frameworks",
				);
				MARKETING_VERSION = 1.0;
				PRODUCT_BUNDLE_IDENTIFIER = com.sojiafonja.BLEDataTransfer;
				PRODUCT_NAME = "$(TARGET_NAME)";
				STRING_CATALOG_GENERATE_SYMBOLS = YES;
				SWIFT_APPROACHABLE_CONCURRENCY = YES;
				SWIFT_DEFAULT_ACTOR_ISOLATION = MainActor;
				SWIFT_EMIT_LOC_STRINGS = YES;
				SWIFT_UPCOMING_FEATURE_MEMBER_IMPORT_VISIBILITY = YES;
				SWIFT_VERSION = 5.0;
				TARGETED_DEVICE_FAMILY = "1,2";
			};
			name = Release;
		};
		1BA487582F4C4828009E6064 /* Debug */ = {
			isa = XCBuildConfiguration;
			buildSettings = {
				BUNDLE_LOADER = "$(TEST_HOST)";
				CODE_SIGN_STYLE = Automatic;
				CURRENT_PROJECT_VERSION = 1;
				DEVELOPMENT_TEAM = KYTZ9T35MJ;
				GENERATE_INFOPLIST_FILE = YES;
				IPHONEOS_DEPLOYMENT_TARGET = 26.2;
				MARKETING_VERSION = 1.0;
				PRODUCT_BUNDLE_IDENTIFIER = com.sojiafonja.BLEDataTransferTests;
				PRODUCT_NAME = "$(TARGET_NAME)";
				STRING_CATALOG_GENERATE_SYMBOLS = NO;
				SWIFT_APPROACHABLE_CONCURRENCY = YES;
				SWIFT_EMIT_LOC_STRINGS = NO;
				SWIFT_UPCOMING_FEATURE_MEMBER_IMPORT_VISIBILITY = YES;
				SWIFT_VERSION = 5.0;
				TARGETED_DEVICE_FAMILY = "1,2";
				TEST_HOST = "$(BUILT_PRODUCTS_DIR)/BLEDataTransfer.app/$(BUNDLE_EXECUTABLE_FOLDER_PATH)/BLEDataTransfer";
			};
			name = Debug;
		};
		1BA487592F4C4828009E6064 /* Release */ = {
			isa = XCBuildConfiguration;
			buildSettings = {
				BUNDLE_LOADER = "$(TEST_HOST)";
				CODE_SIGN_STYLE = Automatic;
				CURRENT_PROJECT_VERSION = 1;
				DEVELOPMENT_TEAM = KYTZ9T35MJ;
				GENERATE_INFOPLIST_FILE = YES;
				IPHONEOS_DEPLOYMENT_TARGET = 26.2;
				MARKETING_VERSION = 1.0;
				PRODUCT_BUNDLE_IDENTIFIER = com.sojiafonja.BLEDataTransferTests;
				PRODUCT_NAME = "$(TARGET_NAME)";
				STRING_CATALOG_GENERATE_SYMBOLS = NO;
				SWIFT_APPROACHABLE_CONCURRENCY = YES;
				SWIFT_EMIT_LOC_STRINGS = NO;
				SWIFT_UPCOMING_FEATURE_MEMBER_IMPORT_VISIBILITY = YES;
				SWIFT_VERSION = 5.0;
				TARGETED_DEVICE_FAMILY = "1,2";
				TEST_HOST = "$(BUILT_PRODUCTS_DIR)/BLEDataTransfer.app/$(BUNDLE_EXECUTABLE_FOLDER_PATH)/BLEDataTransfer";
			};
			name = Release;
		};
		1BA4875B2F4C4828009E6064 /* Debug */ = {
			isa = XCBuildConfiguration;
			buildSettings = {
				CODE_SIGN_STYLE = Automatic;
				CURRENT_PROJECT_VERSION = 1;
				DEVELOPMENT_TEAM = KYTZ9T35MJ;
				GENERATE_INFOPLIST_FILE = YES;
				MARKETING_VERSION = 1.0;
				PRODUCT_BUNDLE_IDENTIFIER = com.sojiafonja.BLEDataTransferUITests;
				PRODUCT_NAME = "$(TARGET_NAME)";
				STRING_CATALOG_GENERATE_SYMBOLS = NO;
				SWIFT_APPROACHABLE_CONCURRENCY = YES;
				SWIFT_EMIT_LOC_STRINGS = NO;
				SWIFT_UPCOMING_FEATURE_MEMBER_IMPORT_VISIBILITY = YES;
				SWIFT_VERSION = 5.0;
				TARGETED_DEVICE_FAMILY = "1,2";
				TEST_TARGET_NAME = BLEDataTransfer;
			};
			name = Debug;
		};
		1BA4875C2F4C4828009E6064 /* Release */ = {
			isa = XCBuildConfiguration;
			buildSettings = {
				CODE_SIGN_STYLE = Automatic;
				CURRENT_PROJECT_VERSION = 1;
				DEVELOPMENT_TEAM = KYTZ9T35MJ;
				GENERATE_INFOPLIST_FILE = YES;
				MARKETING_VERSION = 1.0;
				PRODUCT_BUNDLE_IDENTIFIER = com.sojiafonja.BLEDataTransferUITests;
				PRODUCT_NAME = "$(TARGET_NAME)";
				STRING_CATALOG_GENERATE_SYMBOLS = NO;
				SWIFT_APPROACHABLE_CONCURRENCY = YES;
				SWIFT_EMIT_LOC_STRINGS = NO;
				SWIFT_UPCOMING_FEATURE_MEMBER_IMPORT_VISIBILITY = YES;
				SWIFT_VERSION = 5.0;
				TARGETED_DEVICE_FAMILY = "1,2";
				TEST_TARGET_NAME = BLEDataTransfer;
			};
			name = Release;
		};
/* End XCBuildConfiguration section */

/* Begin XCConfigurationList section */
		1BA4872E2F4C4827009E6064 /* Build configuration list for PBXProject "BLEDataTransfer" */ = {
			isa = XCConfigurationList;
			buildConfigurations = (
				1BA487522F4C4828009E6064 /* Debug */,
				1BA487532F4C4828009E6064 /* Release */,
			);
			defaultConfigurationIsVisible = 0;
			defaultConfigurationName = Release;
		};
		1BA487542F4C4828009E6064 /* Build configuration list for PBXNativeTarget "BLEDataTransfer" */ = {
			isa = XCConfigurationList;
			buildConfigurations = (
				1BA487552F4C4828009E6064 /* Debug */,
				1BA487562F4C4828009E6064 /* Release */,
			);
			defaultConfigurationIsVisible = 0;
			defaultConfigurationName = Release;
		};
		1BA487572F4C4828009E6064 /* Build configuration list for PBXNativeTarget "BLEDataTransferTests" */ = {
			isa = XCConfigurationList;
			buildConfigurations = (
				1BA487582F4C4828009E6064 /* Debug */,
				1BA487592F4C4828009E6064 /* Release */,
			);
			defaultConfigurationIsVisible = 0;
			defaultConfigurationName = Release;
		};
		1BA4875A2F4C4828009E6064 /* Build configuration list for PBXNativeTarget "BLEDataTransferUITests" */ = {
			isa = XCConfigurationList;
			buildConfigurations = (
				1BA4875B2F4C4828009E6064 /* Debug */,
				1BA4875C2F4C4828009E6064 /* Release */,
			);
			defaultConfigurationIsVisible = 0;
			defaultConfigurationName = Release;
		};
/* End XCConfigurationList section */

/* Begin XCRemoteSwiftPackageReference section */
		1B9C35722F5134D100089DC7 /* XCRemoteSwiftPackageReference "ImpossiBLE" */ = {
			isa = XCRemoteSwiftPackageReference;
			repositoryURL = "https://github.com/mickeyl/ImpossiBLE";
			requirement = {
				kind = upToNextMajorVersion;
				minimumVersion = 0.4.0;
			};
		};
/* End XCRemoteSwiftPackageReference section */

/* Begin XCSwiftPackageProductDependency section */
		1B9C35772F5135DB00089DC7 /* ImpossiBLE */ = {
			isa = XCSwiftPackageProductDependency;
			package = 1B9C35722F5134D100089DC7 /* XCRemoteSwiftPackageReference "ImpossiBLE" */;
			productName = ImpossiBLE;
		};
/* End XCSwiftPackageProductDependency section */
	};
	rootObject = 1BA4872B2F4C4827009E6064 /* Project object */;
}
